
Microsoft Visual Studio Solution File, Format Version 12.00
# Visual Studio 15
VisualStudioVersion = 15.0.28307.1500
MinimumVisualStudioVersion = 10.0.40219.1
Project("{8BC9CEB8-8B4A-11D0-8D11-00A0C91BC942}") = "StackLLCpp", "StackLLCpp\StackLLCpp.vcxproj", "{7F85AD7A-A390-419B-87D4-8C1C900B5C60}"
EndProject
Global
	GlobalSection(SolutionConfigurationPlatforms) = preSolution
		Debug|x64 = Debug|x64
		Debug|x86 = Debug|x86
		Release|x64 = Release|x64
		Release|x86 = Release|x86
	EndGlobalSection
	GlobalSection(ProjectConfigurationPlatforms) = postSolution
		{7F85AD7A-A390-419B-87D4-8C1C900B5C60}.Debug|x64.ActiveCfg = Debug|x64
		{7F85AD7A-A390-419B-87D4-8C1C900B5C60}.Debug|x64.Build.0 = Debug|x64
		{7F85AD7A-A390-419B-87D4-8C1C900B5C60}.Debug|x86.ActiveCfg = Debug|Win32
		{7F85AD7A-A390-419B-87D4-8C1C900B5C60}.Debug|x86.Build.0 = Debug|Win32
		{7F85AD7A-A390-419B-87D4-8C1C900B5C60}.Release|x64.ActiveCfg = Release|x64
		{7F85AD7A-A390-419B-87D4-8C1C900B5C60}.Release|x64.Build.0 = Release|x64
		{7F85AD7A-A390-419B-87D4-8C1C900B5C60}.Release|x86.ActiveCfg = Release|Win32
		{7F85AD7A-A390-419B-87D4-8C1C900B5C60}.Release|x86.Build.0 = Release|Win32
	EndGlobalSection
	GlobalSection(SolutionProperties) = preSolution
		HideSolutionNode = FALSE
	EndGlobalSection
	GlobalSection(ExtensibilityGlobals) = postSolution
		SolutionGuid = {FF5FE583-08D5-4470-AB64-4301889ADFE6}
	EndGlobalSection
EndGlobal
